// !$*UTF8*$!
{
	archiveVersion = 1;
	classes = {
	};
	objectVersion = 46;
	objects = {

/* Begin PBXBuildFile section */
		8BE5F5B31B93746B00ED92CF /* AppDelegate.swift in Sources */ = {isa = PBXBuildFile; fileRef = 8BE5F5B21B93746B00ED92CF /* AppDelegate.swift */; };
		8BE5F5B51B93746B00ED92CF /* ViewController.swift in Sources */ = {isa = PBXBuildFile; fileRef = 8BE5F5B41B93746B00ED92CF /* ViewController.swift */; };
		8BE5F5B81B93746B00ED92CF /* Main.storyboard in Resources */ = {isa = PBXBuildFile; fileRef = 8BE5F5B61B93746B00ED92CF /* Main.storyboard */; };
		8BE5F5BA1B93746B00ED92CF /* Images.xcassets in Resources */ = {isa = PBXBuildFile; fileRef = 8BE5F5B91B93746B00ED92CF /* Images.xcassets */; };
		8BE5F5BD1B93746B00ED92CF /* LaunchScreen.xib in Resources */ = {isa = PBXBuildFile; fileRef = 8BE5F5BB1B93746B00ED92CF /* LaunchScreen.xib */; };
		8BE5F5C91B93746B00ED92CF /* tomato_soupTests.swift in Sources */ = {isa = PBXBuildFile; fileRef = 8BE5F5C81B93746B00ED92CF /* tomato_soupTests.swift */; };
/* End PBXBuildFile section */

/* Begin PBXContainerItemProxy section */
		8BE5F5C31B93746B00ED92CF /* PBXContainerItemProxy */ = {
			isa = PBXContainerItemProxy;
			containerPortal = 8BE5F5A51B93746B00ED92CF /* Project object */;
			proxyType = 1;
			remoteGlobalIDString = 8BE5F5AC1B93746B00ED92CF;
			remoteInfo = "tomato-soup";
		};
/* End PBXContainerItemProxy section */

/* Begin PBXFileReference section */
		8BE5F5AD1B93746B00ED92CF /* tomato-soup.app */ = {isa = PBXFileReference; explicitFileType = wrapper.application; includeInIndex = 0; path = "tomato-soup.app"; sourceTree = BUILT_PRODUCTS_DIR; };
		8BE5F5B11B93746B00ED92CF /* Info.plist */ = {isa = PBXFileReference; lastKnownFileType = text.plist.xml; path = Info.plist; sourceTree = "<group>"; };
		8BE5F5B21B93746B00ED92CF /* AppDelegate.swift */ = {isa = PBXFileReference; lastKnownFileType = sourcecode.swift; path = AppDelegate.swift; sourceTree = "<group>"; };
		8BE5F5B41B93746B00ED92CF /* ViewController.swift */ = {isa = PBXFileReference; lastKnownFileType = sourcecode.swift; path = ViewController.swift; sourceTree = "<group>"; };
		8BE5F5B71B93746B00ED92CF /* Base */ = {isa = PBXFileReference; lastKnownFileType = file.storyboard; name = Base; path = Base.lproj/Main.storyboard; sourceTree = "<group>"; };
		8BE5F5B91B93746B00ED92CF /* Images.xcassets */ = {isa = PBXFileReference; lastKnownFileType = folder.assetcatalog; path = Images.xcassets; sourceTree = "<group>"; };
		8BE5F5BC1B93746B00ED92CF /* Base */ = {isa = PBXFileReference; lastKnownFileType = file.xib; name = Base; path = Base.lproj/LaunchScreen.xib; sourceTree = "<group>"; };
		8BE5F5C21B93746B00ED92CF /* tomato-soupTests.xctest */ = {isa = PBXFileReference; explicitFileType = wrapper.cfbundle; includeInIndex = 0; path = "tomato-soupTests.xctest"; sourceTree = BUILT_PRODUCTS_DIR; };
		8BE5F5C71B93746B00ED92CF /* Info.plist */ = {isa = PBXFileReference; lastKnownFileType = text.plist.xml; path = Info.plist; sourceTree = "<group>"; };
		8BE5F5C81B93746B00ED92CF /* tomato_soupTests.swift */ = {isa = PBXFileReference; lastKnownFileType = sourcecode.swift; path = tomato_soupTests.swift; sourceTree = "<group>"; };
/* End PBXFileReference section */

/* Begin PBXFrameworksBuildPhase section */
		8BE5F5AA1B93746B00ED92CF /* Frameworks */ = {
			isa = PBXFrameworksBuildPhase;
			buildActionMask = 2147483647;
			files = (
			);
			runOnlyForDeploymentPostprocessing = 0;
		};
		8BE5F5BF1B93746B00ED92CF /* Frameworks */ = {
			isa = PBXFrameworksBuildPhase;
			buildActionMask = 2147483647;
			files = (
			);
			runOnlyForDeploymentPostprocessing = 0;
		};
/* End PBXFrameworksBuildPhase section */

/* Begin PBXGroup section */
		8BE5F5A41B93746B00ED92CF = {
			isa = PBXGroup;
			children = (
				8BE5F5AF1B93746B00ED92CF /* tomato-soup */,
				8BE5F5C51B93746B00ED92CF /* tomato-soupTests */,
				8BE5F5AE1B93746B00ED92CF /* Products */,
			);
			sourceTree = "<group>";
		};
		8BE5F5AE1B93746B00ED92CF /* Products */ = {
			isa = PBXGroup;
			children = (
				8BE5F5AD1B93746B00ED92CF /* tomato-soup.app */,
				8BE5F5C21B93746B00ED92CF /* tomato-soupTests.xctest */,
			);
			name = Products;
			sourceTree = "<group>";
		};
		8BE5F5AF1B93746B00ED92CF /* tomato-soup */ = {
			isa = PBXGroup;
			children = (
				8BE5F5B21B93746B00ED92CF /* AppDelegate.swift */,
				8BE5F5B41B93746B00ED92CF /* ViewController.swift */,
				8BE5F5B61B93746B00ED92CF /* Main.storyboard */,
				8BE5F5B91B93746B00ED92CF /* Images.xcassets */,
				8BE5F5BB1B93746B00ED92CF /* LaunchScreen.xib */,
				8BE5F5B01B93746B00ED92CF /* Supporting Files */,
			);
			path = "tomato-soup";
			sourceTree = "<group>";
		};
		8BE5F5B01B93746B00ED92CF /* Supporting Files */ = {
			isa = PBXGroup;
			children = (
				8BE5F5B11B93746B00ED92CF /* Info.plist */,
			);
			name = "Supporting Files";
			sourceTree = "<group>";
		};
		8BE5F5C51B93746B00ED92CF /* tomato-soupTests */ = {
			isa = PBXGroup;
			children = (
				8BE5F5C81B93746B00ED92CF /* tomato_soupTests.swift */,
				8BE5F5C61B93746B00ED92CF /* Supporting Files */,
			);
			path = "tomato-soupTests";
			sourceTree = "<group>";
		};
		8BE5F5C61B93746B00ED92CF /* Supporting Files */ = {
			isa = PBXGroup;
			children = (
				8BE5F5C71B93746B00ED92CF /* Info.plist */,
			);
			name = "Supporting Files";
			sourceTree = "<group>";
		};
/* End PBXGroup section */

/* Begin PBXNativeTarget section */
		8BE5F5AC1B93746B00ED92CF /* tomato-soup */ = {
			isa = PBXNativeTarget;
			buildConfigurationList = 8BE5F5CC1B93746B00ED92CF /* Build configuration list for PBXNativeTarget "tomato-soup" */;
			buildPhases = (
				8BE5F5A91B93746B00ED92CF /* Sources */,
				8BE5F5AA1B93746B00ED92CF /* Frameworks */,
				8BE5F5AB1B93746B00ED92CF /* Resources */,
			);
			buildRules = (
			);
			dependencies = (
			);
			name = "tomato-soup";
			productName = "tomato-soup";
			productReference = 8BE5F5AD1B93746B00ED92CF /* tomato-soup.app */;
			productType = "com.apple.product-type.application";
		};
		8BE5F5C11B93746B00ED92CF /* tomato-soupTests */ = {
			isa = PBXNativeTarget;
			buildConfigurationList = 8BE5F5CF1B93746B00ED92CF /* Build configuration list for PBXNativeTarget "tomato-soupTests" */;
			buildPhases = (
				8BE5F5BE1B93746B00ED92CF /* Sources */,
				8BE5F5BF1B93746B00ED92CF /* Frameworks */,
				8BE5F5C01B93746B00ED92CF /* Resources */,
			);
			buildRules = (
			);
			dependencies = (
				8BE5F5C41B93746B00ED92CF /* PBXTargetDependency */,
			);
			name = "tomato-soupTests";
			productName = "tomato-soupTests";
			productReference = 8BE5F5C21B93746B00ED92CF /* tomato-soupTests.xctest */;
			productType = "com.apple.product-type.bundle.unit-test";
		};
/* End PBXNativeTarget section */

/* Begin PBXProject section */
		8BE5F5A51B93746B00ED92CF /* Project object */ = {
			isa = PBXProject;
			attributes = {
				LastUpgradeCheck = 0640;
				ORGANIZATIONNAME = Tumblr;
				TargetAttributes = {
					8BE5F5AC1B93746B00ED92CF = {
						CreatedOnToolsVersion = 6.4;
					};
					8BE5F5C11B93746B00ED92CF = {
						CreatedOnToolsVersion = 6.4;
						TestTargetID = 8BE5F5AC1B93746B00ED92CF;
					};
				};
			};
			buildConfigurationList = 8BE5F5A81B93746B00ED92CF /* Build configuration list for PBXProject "tomato-soup" */;
			compatibilityVersion = "Xcode 3.2";
			developmentRegion = English;
			hasScannedForEncodings = 0;
			knownRegions = (
				en,
				Base,
			);
			mainGroup = 8BE5F5A41B93746B00ED92CF;
			productRefGroup = 8BE5F5AE1B93746B00ED92CF /* Products */;
			projectDirPath = "";
			projectRoot = "";
			targets = (
				8BE5F5AC1B93746B00ED92CF /* tomato-soup */,
				8BE5F5C11B93746B00ED92CF /* tomato-soupTests */,
			);
		};
/* End PBXProject section */

/* Begin PBXResourcesBuildPhase section */
		8BE5F5AB1B93746B00ED92CF /* Resources */ = {
			isa = PBXResourcesBuildPhase;
			buildActionMask = 2147483647;
			files = (
				8BE5F5B81B93746B00ED92CF /* Main.storyboard in Resources */,
				8BE5F5BD1B93746B00ED92CF /* LaunchScreen.xib in Resources */,
				8BE5F5BA1B93746B00ED92CF /* Images.xcassets in Resources */,
			);
			runOnlyForDeploymentPostprocessing = 0;
		};
		8BE5F5C01B93746B00ED92CF /* Resources */ = {
			isa = PBXResourcesBuildPhase;
			buildActionMask = 2147483647;
			files = (
			);
			runOnlyForDeploymentPostprocessing = 0;
		};
/* End PBXResourcesBuildPhase section */

/* Begin PBXSourcesBuildPhase section */
		8BE5F5A91B93746B00ED92CF /* Sources */ = {
			isa = PBXSourcesBuildPhase;
			buildActionMask = 2147483647;
			files = (
				8BE5F5B51B93746B00ED92CF /* ViewController.swift in Sources */,
				8BE5F5B31B93746B00ED92CF /* AppDelegate.swift in Sources */,
			);
			runOnlyForDeploymentPostprocessing = 0;
		};
		8BE5F5BE1B93746B00ED92CF /* Sources */ = {
			isa = PBXSourcesBuildPhase;
			buildActionMask = 2147483647;
			files = (
				8BE5F5C91B93746B00ED92CF /* tomato_soupTests.swift in Sources */,
			);
			runOnlyForDeploymentPostprocessing = 0;
		};
/* End PBXSourcesBuildPhase section */

/* Begin PBXTargetDependency section */
		8BE5F5C41B93746B00ED92CF /* PBXTargetDependency */ = {
			isa = PBXTargetDependency;
			target = 8BE5F5AC1B93746B00ED92CF /* tomato-soup */;
			targetProxy = 8BE5F5C31B93746B00ED92CF /* PBXContainerItemProxy */;
		};
/* End PBXTargetDependency section */

/* Begin PBXVariantGroup section */
		8BE5F5B61B93746B00ED92CF /* Main.storyboard */ = {
			isa = PBXVariantGroup;
			children = (
				8BE5F5B71B93746B00ED92CF /* Base */,
			);
			name = Main.storyboard;
			sourceTree = "<group>";
		};
		8BE5F5BB1B93746B00ED92CF /* LaunchScreen.xib */ = {
			isa = PBXVariantGroup;
			children = (
				8BE5F5BC1B93746B00ED92CF /* Base */,
			);
			name = LaunchScreen.xib;
			sourceTree = "<group>";
		};
/* End PBXVariantGroup section */

/* Begin XCBuildConfiguration section */
		8BE5F5CA1B93746B00ED92CF /* Debug */ = {
			isa = XCBuildConfiguration;
			buildSettings = {
				ALWAYS_SEARCH_USER_PATHS = NO;
				CLANG_CXX_LANGUAGE_STANDARD = "gnu++0x";
				CLANG_CXX_LIBRARY = "libc++";
				CLANG_ENABLE_MODULES = YES;
				CLANG_ENABLE_OBJC_ARC = YES;
				CLANG_WARN_BOOL_CONVERSION = YES;
				CLANG_WARN_CONSTANT_CONVERSION = YES;
				CLANG_WARN_DIRECT_OBJC_ISA_USAGE = YES_ERROR;
				CLANG_WARN_EMPTY_BODY = YES;
				CLANG_WARN_ENUM_CONVERSION = YES;
				CLANG_WARN_INT_CONVERSION = YES;
				CLANG_WARN_OBJC_ROOT_CLASS = YES_ERROR;
				CLANG_WARN_UNREACHABLE_CODE = YES;
				CLANG_WARN__DUPLICATE_METHOD_MATCH = YES;
				"CODE_SIGN_IDENTITY[sdk=iphoneos*]" = "iPhone Developer";
				COPY_PHASE_STRIP = NO;
				DEBUG_INFORMATION_FORMAT = "dwarf-with-dsym";
				ENABLE_STRICT_OBJC_MSGSEND = YES;
				GCC_C_LANGUAGE_STANDARD = gnu99;
				GCC_DYNAMIC_NO_PIC = NO;
				GCC_NO_COMMON_BLOCKS = YES;
				GCC_OPTIMIZATION_LEVEL = 0;
				GCC_PREPROCESSOR_DEFINITIONS = (
					"DEBUG=1",
					"$(inherited)",
				);
				GCC_SYMBOLS_PRIVATE_EXTERN = NO;
				GCC_WARN_64_TO_32_BIT_CONVERSION = YES;
				GCC_WARN_ABOUT_RETURN_TYPE = YES_ERROR;
				GCC_WARN_UNDECLARED_SELECTOR = YES;
				GCC_WARN_UNINITIALIZED_AUTOS = YES_AGGRESSIVE;
				GCC_WARN_UNUSED_FUNCTION = YES;
				GCC_WARN_UNUSED_VARIABLE = YES;
				IPHONEOS_DEPLOYMENT_TARGET = 8.4;
				MTL_ENABLE_DEBUG_INFO = YES;
				ONLY_ACTIVE_ARCH = YES;
				SDKROOT = iphoneos;
				SWIFT_OPTIMIZATION_LEVEL = "-Onone";
			};
			name = Debug;
		};
		8BE5F5CB1B93746B00ED92CF /* Release */ = {
			isa = XCBuildConfiguration;
			buildSettings = {
				ALWAYS_SEARCH_USER_PATHS = NO;
				CLANG_CXX_LANGUAGE_STANDARD = "gnu++0x";
				CLANG_CXX_LIBRARY = "libc++";
				CLANG_ENABLE_MODULES = YES;
				CLANG_ENABLE_OBJC_ARC = YES;
				CLANG_WARN_BOOL_CONVERSION = YES;
				CLANG_WARN_CONSTANT_CONVERSION = YES;
				CLANG_WARN_DIRECT_OBJC_ISA_USAGE = YES_ERROR;
				CLANG_WARN_EMPTY_BODY = YES;
				CLANG_WARN_ENUM_CONVERSION = YES;
				CLANG_WARN_INT_CONVERSION = YES;
				CLANG_WARN_OBJC_ROOT_CLASS = YES_ERROR;
				CLANG_WARN_UNREACHABLE_CODE = YES;
				CLANG_WARN__DUPLICATE_METHOD_MATCH = YES;
				"CODE_SIGN_IDENTITY[sdk=iphoneos*]" = "iPhone Developer";
				COPY_PHASE_STRIP = NO;
				DEBUG_INFORMATION_FORMAT = "dwarf-with-dsym";
				ENABLE_NS_ASSERTIONS = NO;
				ENABLE_STRICT_OBJC_MSGSEND = YES;
				GCC_C_LANGUAGE_STANDARD = gnu99;
				GCC_NO_COMMON_BLOCKS = YES;
				GCC_WARN_64_TO_32_BIT_CONVERSION = YES;
				GCC_WARN_ABOUT_RETURN_TYPE = YES_ERROR;
				GCC_WARN_UNDECLARED_SELECTOR = YES;
				GCC_WARN_UNINITIALIZED_AUTOS = YES_AGGRESSIVE;
				GCC_WARN_UNUSED_FUNCTION = YES;
				GCC_WARN_UNUSED_VARIABLE = YES;
				IPHONEOS_DEPLOYMENT_TARGET = 8.4;
				MTL_ENABLE_DEBUG_INFO = NO;
				SDKROOT = iphoneos;
				VALIDATE_PRODUCT = YES;
			};
			name = Release;
		};
		8BE5F5CD1B93746B00ED92CF /* Debug */ = {
			isa = XCBuildConfiguration;
			buildSettings = {
				ASSETCATALOG_COMPILER_APPICON_NAME = AppIcon;
				INFOPLIST_FILE = "tomato-soup/Info.plist";
				LD_RUNPATH_SEARCH_PATHS = "$(inherited) @executable_path/Frameworks";
				PRODUCT_NAME = "$(TARGET_NAME)";
			};
			name = Debug;
		};
		8BE5F5CE1B93746B00ED92CF /* Release */ = {
			isa = XCBuildConfiguration;
			buildSettings = {
				ASSETCATALOG_COMPILER_APPICON_NAME = AppIcon;
				INFOPLIST_FILE = "tomato-soup/Info.plist";
				LD_RUNPATH_SEARCH_PATHS = "$(inherited) @executable_path/Frameworks";
				PRODUCT_NAME = "$(TARGET_NAME)";
			};
			name = Release;
		};
		8BE5F5D01B93746B00ED92CF /* Debug */ = {
			isa = XCBuildConfiguration;
			buildSettings = {
				BUNDLE_LOADER = "$(TEST_HOST)";
				FRAMEWORK_SEARCH_PATHS = (
					"$(SDKROOT)/Developer/Library/Frameworks",
					"$(inherited)",
				);
				GCC_PREPROCESSOR_DEFINITIONS = (
					"DEBUG=1",
					"$(inherited)",
				);
				INFOPLIST_FILE = "tomato-soupTests/Info.plist";
				LD_RUNPATH_SEARCH_PATHS = "$(inherited) @executable_path/Frameworks @loader_path/Frameworks";
				PRODUCT_NAME = "$(TARGET_NAME)";
				TEST_HOST = "$(BUILT_PRODUCTS_DIR)/tomato-soup.app/tomato-soup";
			};
			name = Debug;
		};
		8BE5F5D11B93746B00ED92CF /* Release */ = {
			isa = XCBuildConfiguration;
			buildSettings = {
				BUNDLE_LOADER = "$(TEST_HOST)";
				FRAMEWORK_SEARCH_PATHS = (
					"$(SDKROOT)/Developer/Library/Frameworks",
					"$(inherited)",
				);
				INFOPLIST_FILE = "tomato-soupTests/Info.plist";
				LD_RUNPATH_SEARCH_PATHS = "$(inherited) @executable_path/Frameworks @loader_path/Frameworks";
				PRODUCT_NAME = "$(TARGET_NAME)";
				TEST_HOST = "$(BUILT_PRODUCTS_DIR)/tomato-soup.app/tomato-soup";
			};
			name = Release;
		};
/* End XCBuildConfiguration section */

/* Begin XCConfigurationList section */
		8BE5F5A81B93746B00ED92CF /* Build configuration list for PBXProject "tomato-soup" */ = {
			isa = XCConfigurationList;
			buildConfigurations = (
				8BE5F5CA1B93746B00ED92CF /* Debug */,
				8BE5F5CB1B93746B00ED92CF /* Release */,
			);
			defaultConfigurationIsVisible = 0;
			defaultConfigurationName = Release;
		};
		8BE5F5CC1B93746B00ED92CF /* Build configuration list for PBXNativeTarget "tomato-soup" */ = {
			isa = XCConfigurationList;
			buildConfigurations = (
				8BE5F5CD1B93746B00ED92CF /* Debug */,
				8BE5F5CE1B93746B00ED92CF /* Release */,
			);
			defaultConfigurationIsVisible = 0;
		};
		8BE5F5CF1B93746B00ED92CF /* Build configuration list for PBXNativeTarget "tomato-soupTests" */ = {
			isa = XCConfigurationList;
			buildConfigurations = (
				8BE5F5D01B93746B00ED92CF /* Debug */,
				8BE5F5D11B93746B00ED92CF /* Release */,
			);
			defaultConfigurationIsVisible = 0;
		};
/* End XCConfigurationList section */
	};
	rootObject = 8BE5F5A51B93746B00ED92CF /* Project object */;
}
